
Microsoft Visual Studio Solution File, Format Version 12.00
# Visual Studio Version 17
VisualStudioVersion = 17.2.32616.157
MinimumVisualStudioVersion = 10.0.40219.1
Project("{9A19103F-16F7-4668-BE54-9A1E7A4F7556}") = "Task01_OddEvenNumber", "Task01_OddEvenNumber\Task01_OddEvenNumber.csproj", "{A26BACDA-1ABC-40C3-BD3A-984BF093FCAA}"
EndProject
Project("{FAE04EC0-301F-11D3-BF4B-00C04F79EFBC}") = "Task02_BlackJack", "Task02_BlackJack\Task02_BlackJack.csproj", "{965E2E5D-ADD7-4B24-BEAB-27539BAB76DC}"
EndProject
Project("{FAE04EC0-301F-11D3-BF4B-00C04F79EFBC}") = "Task03_SimpleNum", "Task03_SimpleNum\Task03_SimpleNum.csproj", "{1716914E-9C2D-422F-965D-87792E331CA6}"
EndProject
Global
	GlobalSection(SolutionConfigurationPlatforms) = preSolution
		Debug|Any CPU = Debug|Any CPU
		Release|Any CPU = Release|Any CPU
	EndGlobalSection
	GlobalSection(ProjectConfigurationPlatforms) = postSolution
		{A26BACDA-1ABC-40C3-BD3A-984BF093FCAA}.Debug|Any CPU.ActiveCfg = Debug|Any CPU
		{A26BACDA-1ABC-40C3-BD3A-984BF093FCAA}.Debug|Any CPU.Build.0 = Debug|Any CPU
		{A26BACDA-1ABC-40C3-BD3A-984BF093FCAA}.Release|Any CPU.ActiveCfg = Release|Any CPU
		{A26BACDA-1ABC-40C3-BD3A-984BF093FCAA}.Release|Any CPU.Build.0 = Release|Any CPU
		{965E2E5D-ADD7-4B24-BEAB-27539BAB76DC}.Debug|Any CPU.ActiveCfg = Debug|Any CPU
		{965E2E5D-ADD7-4B24-BEAB-27539BAB76DC}.Debug|Any CPU.Build.0 = Debug|Any CPU
		{965E2E5D-ADD7-4B24-BEAB-27539BAB76DC}.Release|Any CPU.ActiveCfg = Release|Any CPU
		{965E2E5D-ADD7-4B24-BEAB-27539BAB76DC}.Release|Any CPU.Build.0 = Release|Any CPU
		{1716914E-9C2D-422F-965D-87792E331CA6}.Debug|Any CPU.ActiveCfg = Debug|Any CPU
		{1716914E-9C2D-422F-965D-87792E331CA6}.Debug|Any CPU.Build.0 = Debug|Any CPU
		{1716914E-9C2D-422F-965D-87792E331CA6}.Release|Any CPU.ActiveCfg = Release|Any CPU
		{1716914E-9C2D-422F-965D-87792E331CA6}.Release|Any CPU.Build.0 = Release|Any CPU
	EndGlobalSection
	GlobalSection(SolutionProperties) = preSolution
		HideSolutionNode = FALSE
	EndGlobalSection
	GlobalSection(ExtensibilityGlobals) = postSolution
		SolutionGuid = {C36AC513-5F36-4B9E-9FB9-1F0441A8B153}
	EndGlobalSection
EndGlobal
